
Microsoft Visual Studio Solution File, Format Version 12.00
# Visual Studio Version 16
VisualStudioVersion = 16.0.30914.41
MinimumVisualStudioVersion = 10.0.40219.1
Project("{FAE04EC0-301F-11D3-BF4B-00C04F79EFBC}") = "AspNetCoreODataRoutingFailingWith31", "AspNetCoreODataRoutingFailingWith31\AspNetCoreODataRoutingFailingWith31.csproj", "{733FE398-0DA3-4637-81BD-87B9CE285323}"
EndProject
Project("{9A19103F-16F7-4668-BE54-9A1E7A4F7556}") = "Microsoft.AspNetCore.OData", "..\..\github\odata\AspNetCoreOData\src\Microsoft.AspNetCore.OData\Microsoft.AspNetCore.OData.csproj", "{2D0E4187-EF34-4EB9-B8BD-0C3641C82879}"
EndProject
Global
	GlobalSection(SolutionConfigurationPlatforms) = preSolution
		Debug|Any CPU = Debug|Any CPU
		Release|Any CPU = Release|Any CPU
	EndGlobalSection
	GlobalSection(ProjectConfigurationPlatforms) = postSolution
		{733FE398-0DA3-4637-81BD-87B9CE285323}.Debug|Any CPU.ActiveCfg = Debug|Any CPU
		{733FE398-0DA3-4637-81BD-87B9CE285323}.Debug|Any CPU.Build.0 = Debug|Any CPU
		{733FE398-0DA3-4637-81BD-87B9CE285323}.Release|Any CPU.ActiveCfg = Release|Any CPU
		{733FE398-0DA3-4637-81BD-87B9CE285323}.Release|Any CPU.Build.0 = Release|Any CPU
		{2D0E4187-EF34-4EB9-B8BD-0C3641C82879}.Debug|Any CPU.ActiveCfg = Debug|Any CPU
		{2D0E4187-EF34-4EB9-B8BD-0C3641C82879}.Debug|Any CPU.Build.0 = Debug|Any CPU
		{2D0E4187-EF34-4EB9-B8BD-0C3641C82879}.Release|Any CPU.ActiveCfg = Release|Any CPU
		{2D0E4187-EF34-4EB9-B8BD-0C3641C82879}.Release|Any CPU.Build.0 = Release|Any CPU
	EndGlobalSection
	GlobalSection(SolutionProperties) = preSolution
		HideSolutionNode = FALSE
	EndGlobalSection
	GlobalSection(ExtensibilityGlobals) = postSolution
		SolutionGuid = {98B1DF0F-FC79-4286-A70F-0F82FE0BE3DA}
	EndGlobalSection
EndGlobal
